# This file was autogenerated by Stack.
# You should not edit this file by hand.
# For more information, please see the documentation at:
#   https://docs.haskellstack.org/en/stable/lock_files

packages:
- completed:
    hackage: scalpel-0.6.0@sha256:4a7adbfa66c718a2821149282d5235be2818b16b743825f946c12422b488a1f3,1463
    pantry-tree:
      size: 405
      sha256: 22b85b7482fdd053ad9fb2613a9ec9300dbf32ac70fa52fcd4734270f56cd487
  original:
    hackage: scalpel-0.6.0
snapshots:
- completed:
    size: 523443
    url: https://raw.githubusercontent.com/commercialhaskell/stackage-snapshots/master/lts/14/0.yaml
    sha256: 283773e7120f5446d961eab35ea95c9af9c24187cc178537bd29273200a05171
  original: lts-14.0
